// !$*UTF8*$!
{
	archiveVersion = 1;
	classes = {
	};
	objectVersion = 50;
	objects = {

/* Begin PBXBuildFile section */
		EB18714E268E5C4C00D43550 /* AppDelegate.swift in Sources */ = {isa = PBXBuildFile; fileRef = EB18714D268E5C4C00D43550 /* AppDelegate.swift */; };
		EB187150268E5C4C00D43550 /* SceneDelegate.swift in Sources */ = {isa = PBXBuildFile; fileRef = EB18714F268E5C4C00D43550 /* SceneDelegate.swift */; };
		EB187152268E5C4C00D43550 /* ViewController.swift in Sources */ = {isa = PBXBuildFile; fileRef = EB187151268E5C4C00D43550 /* ViewController.swift */; };
		EB187155268E5C4C00D43550 /* Main.storyboard in Resources */ = {isa = PBXBuildFile; fileRef = EB187153268E5C4C00D43550 /* Main.storyboard */; };
		EB187157268E5C4E00D43550 /* Assets.xcassets in Resources */ = {isa = PBXBuildFile; fileRef = EB187156268E5C4E00D43550 /* Assets.xcassets */; };
		EB18715A268E5C4E00D43550 /* LaunchScreen.storyboard in Resources */ = {isa = PBXBuildFile; fileRef = EB187158268E5C4E00D43550 /* LaunchScreen.storyboard */; };
		EB187162268E5D9000D43550 /* ContactTableViewCell.swift in Sources */ = {isa = PBXBuildFile; fileRef = EB187161268E5D9000D43550 /* ContactTableViewCell.swift */; };
		EB187164268E704C00D43550 /* ContactDetailViewController.swift in Sources */ = {isa = PBXBuildFile; fileRef = EB187163268E704C00D43550 /* ContactDetailViewController.swift */; };
		EB187166268E7C0F00D43550 /* ContactDetailTableViewCell.swift in Sources */ = {isa = PBXBuildFile; fileRef = EB187165268E7C0F00D43550 /* ContactDetailTableViewCell.swift */; };
		EB187168268F3B4F00D43550 /* AuthViewController.swift in Sources */ = {isa = PBXBuildFile; fileRef = EB187167268F3B4F00D43550 /* AuthViewController.swift */; };
/* End PBXBuildFile section */

/* Begin PBXFileReference section */
		EB18714A268E5C4C00D43550 /* ContactApp2.app */ = {isa = PBXFileReference; explicitFileType = wrapper.application; includeInIndex = 0; path = ContactApp2.app; sourceTree = BUILT_PRODUCTS_DIR; };
		EB18714D268E5C4C00D43550 /* AppDelegate.swift */ = {isa = PBXFileReference; lastKnownFileType = sourcecode.swift; path = AppDelegate.swift; sourceTree = "<group>"; };
		EB18714F268E5C4C00D43550 /* SceneDelegate.swift */ = {isa = PBXFileReference; lastKnownFileType = sourcecode.swift; path = SceneDelegate.swift; sourceTree = "<group>"; };
		EB187151268E5C4C00D43550 /* ViewController.swift */ = {isa = PBXFileReference; lastKnownFileType = sourcecode.swift; path = ViewController.swift; sourceTree = "<group>"; };
		EB187154268E5C4C00D43550 /* Base */ = {isa = PBXFileReference; lastKnownFileType = file.storyboard; name = Base; path = Base.lproj/Main.storyboard; sourceTree = "<group>"; };
		EB187156268E5C4E00D43550 /* Assets.xcassets */ = {isa = PBXFileReference; lastKnownFileType = folder.assetcatalog; path = Assets.xcassets; sourceTree = "<group>"; };
		EB187159268E5C4E00D43550 /* Base */ = {isa = PBXFileReference; lastKnownFileType = file.storyboard; name = Base; path = Base.lproj/LaunchScreen.storyboard; sourceTree = "<group>"; };
		EB18715B268E5C4E00D43550 /* Info.plist */ = {isa = PBXFileReference; lastKnownFileType = text.plist.xml; path = Info.plist; sourceTree = "<group>"; };
		EB187161268E5D9000D43550 /* ContactTableViewCell.swift */ = {isa = PBXFileReference; lastKnownFileType = sourcecode.swift; path = ContactTableViewCell.swift; sourceTree = "<group>"; };
		EB187163268E704C00D43550 /* ContactDetailViewController.swift */ = {isa = PBXFileReference; lastKnownFileType = sourcecode.swift; path = ContactDetailViewController.swift; sourceTree = "<group>"; };
		EB187165268E7C0F00D43550 /* ContactDetailTableViewCell.swift */ = {isa = PBXFileReference; lastKnownFileType = sourcecode.swift; path = ContactDetailTableViewCell.swift; sourceTree = "<group>"; };
		EB187167268F3B4F00D43550 /* AuthViewController.swift */ = {isa = PBXFileReference; lastKnownFileType = sourcecode.swift; path = AuthViewController.swift; sourceTree = "<group>"; };
/* End PBXFileReference section */

/* Begin PBXFrameworksBuildPhase section */
		EB187147268E5C4C00D43550 /* Frameworks */ = {
			isa = PBXFrameworksBuildPhase;
			buildActionMask = 2147483647;
			files = (
			);
			runOnlyForDeploymentPostprocessing = 0;
		};
/* End PBXFrameworksBuildPhase section */

/* Begin PBXGroup section */
		EB187141268E5C4C00D43550 = {
			isa = PBXGroup;
			children = (
				EB18714C268E5C4C00D43550 /* ContactApp2 */,
				EB18714B268E5C4C00D43550 /* Products */,
			);
			sourceTree = "<group>";
		};
		EB18714B268E5C4C00D43550 /* Products */ = {
			isa = PBXGroup;
			children = (
				EB18714A268E5C4C00D43550 /* ContactApp2.app */,
			);
			name = Products;
			sourceTree = "<group>";
		};
		EB18714C268E5C4C00D43550 /* ContactApp2 */ = {
			isa = PBXGroup;
			children = (
				EB18714D268E5C4C00D43550 /* AppDelegate.swift */,
				EB18714F268E5C4C00D43550 /* SceneDelegate.swift */,
				EB187161268E5D9000D43550 /* ContactTableViewCell.swift */,
				EB187151268E5C4C00D43550 /* ViewController.swift */,
				EB187165268E7C0F00D43550 /* ContactDetailTableViewCell.swift */,
				EB187163268E704C00D43550 /* ContactDetailViewController.swift */,
				EB187167268F3B4F00D43550 /* AuthViewController.swift */,
				EB187153268E5C4C00D43550 /* Main.storyboard */,
				EB187156268E5C4E00D43550 /* Assets.xcassets */,
				EB187158268E5C4E00D43550 /* LaunchScreen.storyboard */,
				EB18715B268E5C4E00D43550 /* Info.plist */,
			);
			path = ContactApp2;
			sourceTree = "<group>";
		};
/* End PBXGroup section */

/* Begin PBXNativeTarget section */
		EB187149268E5C4C00D43550 /* ContactApp2 */ = {
			isa = PBXNativeTarget;
			buildConfigurationList = EB18715E268E5C4E00D43550 /* Build configuration list for PBXNativeTarget "ContactApp2" */;
			buildPhases = (
				EB187146268E5C4C00D43550 /* Sources */,
				EB187147268E5C4C00D43550 /* Frameworks */,
				EB187148268E5C4C00D43550 /* Resources */,
			);
			buildRules = (
			);
			dependencies = (
			);
			name = ContactApp2;
			productName = ContactApp2;
			productReference = EB18714A268E5C4C00D43550 /* ContactApp2.app */;
			productType = "com.apple.product-type.application";
		};
/* End PBXNativeTarget section */

/* Begin PBXProject section */
		EB187142268E5C4C00D43550 /* Project object */ = {
			isa = PBXProject;
			attributes = {
				LastSwiftUpdateCheck = 1250;
				LastUpgradeCheck = 1250;
				TargetAttributes = {
					EB187149268E5C4C00D43550 = {
						CreatedOnToolsVersion = 12.5;
					};
				};
			};
			buildConfigurationList = EB187145268E5C4C00D43550 /* Build configuration list for PBXProject "ContactApp2" */;
			compatibilityVersion = "Xcode 9.3";
			developmentRegion = en;
			hasScannedForEncodings = 0;
			knownRegions = (
				en,
				Base,
			);
			mainGroup = EB187141268E5C4C00D43550;
			productRefGroup = EB18714B268E5C4C00D43550 /* Products */;
			projectDirPath = "";
			projectRoot = "";
			targets = (
				EB187149268E5C4C00D43550 /* ContactApp2 */,
			);
		};
/* End PBXProject section */

/* Begin PBXResourcesBuildPhase section */
		EB187148268E5C4C00D43550 /* Resources */ = {
			isa = PBXResourcesBuildPhase;
			buildActionMask = 2147483647;
			files = (
				EB18715A268E5C4E00D43550 /* LaunchScreen.storyboard in Resources */,
				EB187157268E5C4E00D43550 /* Assets.xcassets in Resources */,
				EB187155268E5C4C00D43550 /* Main.storyboard in Resources */,
			);
			runOnlyForDeploymentPostprocessing = 0;
		};
/* End PBXResourcesBuildPhase section */

/* Begin PBXSourcesBuildPhase section */
		EB187146268E5C4C00D43550 /* Sources */ = {
			isa = PBXSourcesBuildPhase;
			buildActionMask = 2147483647;
			files = (
				EB187166268E7C0F00D43550 /* ContactDetailTableViewCell.swift in Sources */,
				EB187162268E5D9000D43550 /* ContactTableViewCell.swift in Sources */,
				EB187164268E704C00D43550 /* ContactDetailViewController.swift in Sources */,
				EB187168268F3B4F00D43550 /* AuthViewController.swift in Sources */,
				EB187152268E5C4C00D43550 /* ViewController.swift in Sources */,
				EB18714E268E5C4C00D43550 /* AppDelegate.swift in Sources */,
				EB187150268E5C4C00D43550 /* SceneDelegate.swift in Sources */,
			);
			runOnlyForDeploymentPostprocessing = 0;
		};
/* End PBXSourcesBuildPhase section */

/* Begin PBXVariantGroup section */
		EB187153268E5C4C00D43550 /* Main.storyboard */ = {
			isa = PBXVariantGroup;
			children = (
				EB187154268E5C4C00D43550 /* Base */,
			);
			name = Main.storyboard;
			sourceTree = "<group>";
		};
		EB187158268E5C4E00D43550 /* LaunchScreen.storyboard */ = {
			isa = PBXVariantGroup;
			children = (
				EB187159268E5C4E00D43550 /* Base */,
			);
			name = LaunchScreen.storyboard;
			sourceTree = "<group>";
		};
/* End PBXVariantGroup section */

/* Begin XCBuildConfiguration section */
		EB18715C268E5C4E00D43550 /* Debug */ = {
			isa = XCBuildConfiguration;
			buildSettings = {
				ALWAYS_SEARCH_USER_PATHS = NO;
				CLANG_ANALYZER_NONNULL = YES;
				CLANG_ANALYZER_NUMBER_OBJECT_CONVERSION = YES_AGGRESSIVE;
				CLANG_CXX_LANGUAGE_STANDARD = "gnu++14";
				CLANG_CXX_LIBRARY = "libc++";
				CLANG_ENABLE_MODULES = YES;
				CLANG_ENABLE_OBJC_ARC = YES;
				CLANG_ENABLE_OBJC_WEAK = YES;
				CLANG_WARN_BLOCK_CAPTURE_AUTORELEASING = YES;
				CLANG_WARN_BOOL_CONVERSION = YES;
				CLANG_WARN_COMMA = YES;
				CLANG_WARN_CONSTANT_CONVERSION = YES;
				CLANG_WARN_DEPRECATED_OBJC_IMPLEMENTATIONS = YES;
				CLANG_WARN_DIRECT_OBJC_ISA_USAGE = YES_ERROR;
				CLANG_WARN_DOCUMENTATION_COMMENTS = YES;
				CLANG_WARN_EMPTY_BODY = YES;
				CLANG_WARN_ENUM_CONVERSION = YES;
				CLANG_WARN_INFINITE_RECURSION = YES;
				CLANG_WARN_INT_CONVERSION = YES;
				CLANG_WARN_NON_LITERAL_NULL_CONVERSION = YES;
				CLANG_WARN_OBJC_IMPLICIT_RETAIN_SELF = YES;
				CLANG_WARN_OBJC_LITERAL_CONVERSION = YES;
				CLANG_WARN_OBJC_ROOT_CLASS = YES_ERROR;
				CLANG_WARN_QUOTED_INCLUDE_IN_FRAMEWORK_HEADER = YES;
				CLANG_WARN_RANGE_LOOP_ANALYSIS = YES;
				CLANG_WARN_STRICT_PROTOTYPES = YES;
				CLANG_WARN_SUSPICIOUS_MOVE = YES;
				CLANG_WARN_UNGUARDED_AVAILABILITY = YES_AGGRESSIVE;
				CLANG_WARN_UNREACHABLE_CODE = YES;
				CLANG_WARN__DUPLICATE_METHOD_MATCH = YES;
				COPY_PHASE_STRIP = NO;
				DEBUG_INFORMATION_FORMAT = dwarf;
				ENABLE_STRICT_OBJC_MSGSEND = YES;
				ENABLE_TESTABILITY = YES;
				GCC_C_LANGUAGE_STANDARD = gnu11;
				GCC_DYNAMIC_NO_PIC = NO;
				GCC_NO_COMMON_BLOCKS = YES;
				GCC_OPTIMIZATION_LEVEL = 0;
				GCC_PREPROCESSOR_DEFINITIONS = (
					"DEBUG=1",
					"$(inherited)",
				);
				GCC_WARN_64_TO_32_BIT_CONVERSION = YES;
				GCC_WARN_ABOUT_RETURN_TYPE = YES_ERROR;
				GCC_WARN_UNDECLARED_SELECTOR = YES;
				GCC_WARN_UNINITIALIZED_AUTOS = YES_AGGRESSIVE;
				GCC_WARN_UNUSED_FUNCTION = YES;
				GCC_WARN_UNUSED_VARIABLE = YES;
				IPHONEOS_DEPLOYMENT_TARGET = 14.5;
				MTL_ENABLE_DEBUG_INFO = INCLUDE_SOURCE;
				MTL_FAST_MATH = YES;
				ONLY_ACTIVE_ARCH = YES;
				SDKROOT = iphoneos;
				SWIFT_ACTIVE_COMPILATION_CONDITIONS = DEBUG;
				SWIFT_OPTIMIZATION_LEVEL = "-Onone";
			};
			name = Debug;
		};
		EB18715D268E5C4E00D43550 /* Release */ = {
			isa = XCBuildConfiguration;
			buildSettings = {
				ALWAYS_SEARCH_USER_PATHS = NO;
				CLANG_ANALYZER_NONNULL = YES;
				CLANG_ANALYZER_NUMBER_OBJECT_CONVERSION = YES_AGGRESSIVE;
				CLANG_CXX_LANGUAGE_STANDARD = "gnu++14";
				CLANG_CXX_LIBRARY = "libc++";
				CLANG_ENABLE_MODULES = YES;
				CLANG_ENABLE_OBJC_ARC = YES;
				CLANG_ENABLE_OBJC_WEAK = YES;
				CLANG_WARN_BLOCK_CAPTURE_AUTORELEASING = YES;
				CLANG_WARN_BOOL_CONVERSION = YES;
				CLANG_WARN_COMMA = YES;
				CLANG_WARN_CONSTANT_CONVERSION = YES;
				CLANG_WARN_DEPRECATED_OBJC_IMPLEMENTATIONS = YES;
				CLANG_WARN_DIRECT_OBJC_ISA_USAGE = YES_ERROR;
				CLANG_WARN_DOCUMENTATION_COMMENTS = YES;
				CLANG_WARN_EMPTY_BODY = YES;
				CLANG_WARN_ENUM_CONVERSION = YES;
				CLANG_WARN_INFINITE_RECURSION = YES;
				CLANG_WARN_INT_CONVERSION = YES;
				CLANG_WARN_NON_LITERAL_NULL_CONVERSION = YES;
				CLANG_WARN_OBJC_IMPLICIT_RETAIN_SELF = YES;
				CLANG_WARN_OBJC_LITERAL_CONVERSION = YES;
				CLANG_WARN_OBJC_ROOT_CLASS = YES_ERROR;
				CLANG_WARN_QUOTED_INCLUDE_IN_FRAMEWORK_HEADER = YES;
				CLANG_WARN_RANGE_LOOP_ANALYSIS = YES;
				CLANG_WARN_STRICT_PROTOTYPES = YES;
				CLANG_WARN_SUSPICIOUS_MOVE = YES;
				CLANG_WARN_UNGUARDED_AVAILABILITY = YES_AGGRESSIVE;
				CLANG_WARN_UNREACHABLE_CODE = YES;
				CLANG_WARN__DUPLICATE_METHOD_MATCH = YES;
				COPY_PHASE_STRIP = NO;
				DEBUG_INFORMATION_FORMAT = "dwarf-with-dsym";
				ENABLE_NS_ASSERTIONS = NO;
				ENABLE_STRICT_OBJC_MSGSEND = YES;
				GCC_C_LANGUAGE_STANDARD = gnu11;
				GCC_NO_COMMON_BLOCKS = YES;
				GCC_WARN_64_TO_32_BIT_CONVERSION = YES;
				GCC_WARN_ABOUT_RETURN_TYPE = YES_ERROR;
				GCC_WARN_UNDECLARED_SELECTOR = YES;
				GCC_WARN_UNINITIALIZED_AUTOS = YES_AGGRESSIVE;
				GCC_WARN_UNUSED_FUNCTION = YES;
				GCC_WARN_UNUSED_VARIABLE = YES;
				IPHONEOS_DEPLOYMENT_TARGET = 14.5;
				MTL_ENABLE_DEBUG_INFO = NO;
				MTL_FAST_MATH = YES;
				SDKROOT = iphoneos;
				SWIFT_COMPILATION_MODE = wholemodule;
				SWIFT_OPTIMIZATION_LEVEL = "-O";
				VALIDATE_PRODUCT = YES;
			};
			name = Release;
		};
		EB18715F268E5C4E00D43550 /* Debug */ = {
			isa = XCBuildConfiguration;
			buildSettings = {
				ASSETCATALOG_COMPILER_APPICON_NAME = AppIcon;
				ASSETCATALOG_COMPILER_GLOBAL_ACCENT_COLOR_NAME = AccentColor;
				CODE_SIGN_STYLE = Automatic;
				DEVELOPMENT_TEAM = 9R54UUJXYS;
				INFOPLIST_FILE = ContactApp2/Info.plist;
				LD_RUNPATH_SEARCH_PATHS = (
					"$(inherited)",
					"@executable_path/Frameworks",
				);
				PRODUCT_BUNDLE_IDENTIFIER = ITIS.ContactApp2;
				PRODUCT_NAME = "$(TARGET_NAME)";
				SWIFT_VERSION = 5.0;
				TARGETED_DEVICE_FAMILY = 1;
			};
			name = Debug;
		};
		EB187160268E5C4E00D43550 /* Release */ = {
			isa = XCBuildConfiguration;
			buildSettings = {
				ASSETCATALOG_COMPILER_APPICON_NAME = AppIcon;
				ASSETCATALOG_COMPILER_GLOBAL_ACCENT_COLOR_NAME = AccentColor;
				CODE_SIGN_STYLE = Automatic;
				DEVELOPMENT_TEAM = 9R54UUJXYS;
				INFOPLIST_FILE = ContactApp2/Info.plist;
				LD_RUNPATH_SEARCH_PATHS = (
					"$(inherited)",
					"@executable_path/Frameworks",
				);
				PRODUCT_BUNDLE_IDENTIFIER = ITIS.ContactApp2;
				PRODUCT_NAME = "$(TARGET_NAME)";
				SWIFT_VERSION = 5.0;
				TARGETED_DEVICE_FAMILY = 1;
			};
			name = Release;
		};
/* End XCBuildConfiguration section */

/* Begin XCConfigurationList section */
		EB187145268E5C4C00D43550 /* Build configuration list for PBXProject "ContactApp2" */ = {
			isa = XCConfigurationList;
			buildConfigurations = (
				EB18715C268E5C4E00D43550 /* Debug */,
				EB18715D268E5C4E00D43550 /* Release */,
			);
			defaultConfigurationIsVisible = 0;
			defaultConfigurationName = Release;
		};
		EB18715E268E5C4E00D43550 /* Build configuration list for PBXNativeTarget "ContactApp2" */ = {
			isa = XCConfigurationList;
			buildConfigurations = (
				EB18715F268E5C4E00D43550 /* Debug */,
				EB187160268E5C4E00D43550 /* Release */,
			);
			defaultConfigurationIsVisible = 0;
			defaultConfigurationName = Release;
		};
/* End XCConfigurationList section */
	};
	rootObject = EB187142268E5C4C00D43550 /* Project object */;
}
